
Microsoft Visual Studio Solution File, Format Version 12.00
# Visual Studio Version 17
VisualStudioVersion = 17.7.34031.279
MinimumVisualStudioVersion = 10.0.40219.1
Project("{FAE04EC0-301F-11D3-BF4B-00C04F79EFBC}") = "Book History", "Book History\Book History.csproj", "{993F4498-B313-475E-89BB-B55B80B7EB18}"
EndProject
Global
	GlobalSection(SolutionConfigurationPlatforms) = preSolution
		Debug|Any CPU = Debug|Any CPU
		Release|Any CPU = Release|Any CPU
	EndGlobalSection
	GlobalSection(ProjectConfigurationPlatforms) = postSolution
		{993F4498-B313-475E-89BB-B55B80B7EB18}.Debug|Any CPU.ActiveCfg = Debug|Any CPU
		{993F4498-B313-475E-89BB-B55B80B7EB18}.Debug|Any CPU.Build.0 = Debug|Any CPU
		{993F4498-B313-475E-89BB-B55B80B7EB18}.Debug|Any CPU.Deploy.0 = Debug|Any CPU
		{993F4498-B313-475E-89BB-B55B80B7EB18}.Release|Any CPU.ActiveCfg = Release|Any CPU
		{993F4498-B313-475E-89BB-B55B80B7EB18}.Release|Any CPU.Build.0 = Release|Any CPU
		{993F4498-B313-475E-89BB-B55B80B7EB18}.Release|Any CPU.Deploy.0 = Release|Any CPU
	EndGlobalSection
	GlobalSection(SolutionProperties) = preSolution
		HideSolutionNode = FALSE
	EndGlobalSection
	GlobalSection(ExtensibilityGlobals) = postSolution
		SolutionGuid = {0922A939-76A5-42B6-8D10-E79CB21EC235}
	EndGlobalSection
EndGlobal
